// !$*UTF8*$!
{
	archiveVersion = 1;
	classes = {
	};
	objectVersion = 46;
	objects = {

/* Begin PBXBuildFile section */
		D315542B1D12720B00F1B810 /* main.m in Sources */ = {isa = PBXBuildFile; fileRef = D315542A1D12720B00F1B810 /* main.m */; };
		D315542E1D12720B00F1B810 /* AppDelegate.m in Sources */ = {isa = PBXBuildFile; fileRef = D315542D1D12720B00F1B810 /* AppDelegate.m */; };
		D31554311D12720B00F1B810 /* ViewController.m in Sources */ = {isa = PBXBuildFile; fileRef = D31554301D12720B00F1B810 /* ViewController.m */; };
		D31554341D12720B00F1B810 /* Main.storyboard in Resources */ = {isa = PBXBuildFile; fileRef = D31554321D12720B00F1B810 /* Main.storyboard */; };
		D31554371D12720B00F1B810 /* LaunchScreen.xcdatamodeld in Sources */ = {isa = PBXBuildFile; fileRef = D31554351D12720B00F1B810 /* LaunchScreen.xcdatamodeld */; };
		D31554391D12720B00F1B810 /* Assets.xcassets in Resources */ = {isa = PBXBuildFile; fileRef = D31554381D12720B00F1B810 /* Assets.xcassets */; };
		D315543C1D12720B00F1B810 /* LaunchScreen.storyboard in Resources */ = {isa = PBXBuildFile; fileRef = D315543A1D12720B00F1B810 /* LaunchScreen.storyboard */; };
		D31554651D128B9A00F1B810 /* FirstViewController.m in Sources */ = {isa = PBXBuildFile; fileRef = D31554641D128B9A00F1B810 /* FirstViewController.m */; };
		D31554681D128BA800F1B810 /* SecondViewController.m in Sources */ = {isa = PBXBuildFile; fileRef = D31554671D128BA800F1B810 /* SecondViewController.m */; };
		D315546B1D128BB400F1B810 /* ThirdViewController.m in Sources */ = {isa = PBXBuildFile; fileRef = D315546A1D128BB400F1B810 /* ThirdViewController.m */; };
		D315547B1D1296B800F1B810 /* 1.jpg in Resources */ = {isa = PBXBuildFile; fileRef = D31554701D1296B800F1B810 /* 1.jpg */; };
		D315547C1D1296B800F1B810 /* 2.jpg in Resources */ = {isa = PBXBuildFile; fileRef = D31554711D1296B800F1B810 /* 2.jpg */; };
		D315547D1D1296B800F1B810 /* 3.jpg in Resources */ = {isa = PBXBuildFile; fileRef = D31554721D1296B800F1B810 /* 3.jpg */; };
		D315547E1D1296B800F1B810 /* 4.jpg in Resources */ = {isa = PBXBuildFile; fileRef = D31554731D1296B800F1B810 /* 4.jpg */; };
		D315547F1D1296B800F1B810 /* JumpView.m in Sources */ = {isa = PBXBuildFile; fileRef = D31554751D1296B800F1B810 /* JumpView.m */; };
		D31554801D1296B800F1B810 /* LaunchManager.m in Sources */ = {isa = PBXBuildFile; fileRef = D31554771D1296B800F1B810 /* LaunchManager.m */; };
		D31554811D1296B800F1B810 /* launchVideo.mp4 in Resources */ = {isa = PBXBuildFile; fileRef = D31554781D1296B800F1B810 /* launchVideo.mp4 */; };
		D31554821D1296B800F1B810 /* LaunchView.m in Sources */ = {isa = PBXBuildFile; fileRef = D315547A1D1296B800F1B810 /* LaunchView.m */; };
		D315548E1D12970D00F1B810 /* BaseNavigationController.m in Sources */ = {isa = PBXBuildFile; fileRef = D31554891D12970D00F1B810 /* BaseNavigationController.m */; };
		D315548F1D12970D00F1B810 /* BaseViewController.m in Sources */ = {isa = PBXBuildFile; fileRef = D315548B1D12970D00F1B810 /* BaseViewController.m */; };
		D31554901D12970D00F1B810 /* CLTabBarController.m in Sources */ = {isa = PBXBuildFile; fileRef = D315548D1D12970D00F1B810 /* CLTabBarController.m */; };
		D31554941D129B7E00F1B810 /* NSString+IsNo.m in Sources */ = {isa = PBXBuildFile; fileRef = D31554931D129B7E00F1B810 /* NSString+IsNo.m */; };
		E88B734B9486AD88E6854FEB /* libPods.a in Frameworks */ = {isa = PBXBuildFile; fileRef = D25DE1CB06D0BA0B51248462 /* libPods.a */; };
/* End PBXBuildFile section */

/* Begin PBXFileReference section */
		6165EB2AFBADC59605BCAF54 /* Pods.debug.xcconfig */ = {isa = PBXFileReference; includeInIndex = 1; lastKnownFileType = text.xcconfig; name = Pods.debug.xcconfig; path = "Pods/Target Support Files/Pods/Pods.debug.xcconfig"; sourceTree = "<group>"; };
		7E83B9E8EA05E884658BBAAF /* Pods.release.xcconfig */ = {isa = PBXFileReference; includeInIndex = 1; lastKnownFileType = text.xcconfig; name = Pods.release.xcconfig; path = "Pods/Target Support Files/Pods/Pods.release.xcconfig"; sourceTree = "<group>"; };
		D25DE1CB06D0BA0B51248462 /* libPods.a */ = {isa = PBXFileReference; explicitFileType = archive.ar; includeInIndex = 0; path = libPods.a; sourceTree = BUILT_PRODUCTS_DIR; };
		D31554261D12720B00F1B810 /* LaunchScreen.app */ = {isa = PBXFileReference; explicitFileType = wrapper.application; includeInIndex = 0; path = LaunchScreen.app; sourceTree = BUILT_PRODUCTS_DIR; };
		D315542A1D12720B00F1B810 /* main.m */ = {isa = PBXFileReference; lastKnownFileType = sourcecode.c.objc; path = main.m; sourceTree = "<group>"; };
		D315542C1D12720B00F1B810 /* AppDelegate.h */ = {isa = PBXFileReference; lastKnownFileType = sourcecode.c.h; path = AppDelegate.h; sourceTree = "<group>"; };
		D315542D1D12720B00F1B810 /* AppDelegate.m */ = {isa = PBXFileReference; lastKnownFileType = sourcecode.c.objc; path = AppDelegate.m; sourceTree = "<group>"; };
		D315542F1D12720B00F1B810 /* ViewController.h */ = {isa = PBXFileReference; lastKnownFileType = sourcecode.c.h; path = ViewController.h; sourceTree = "<group>"; };
		D31554301D12720B00F1B810 /* ViewController.m */ = {isa = PBXFileReference; lastKnownFileType = sourcecode.c.objc; path = ViewController.m; sourceTree = "<group>"; };
		D31554331D12720B00F1B810 /* Base */ = {isa = PBXFileReference; lastKnownFileType = file.storyboard; name = Base; path = Base.lproj/Main.storyboard; sourceTree = "<group>"; };
		D31554361D12720B00F1B810 /* LaunchScreen.xcdatamodel */ = {isa = PBXFileReference; lastKnownFileType = wrapper.xcdatamodel; path = LaunchScreen.xcdatamodel; sourceTree = "<group>"; };
		D31554381D12720B00F1B810 /* Assets.xcassets */ = {isa = PBXFileReference; lastKnownFileType = folder.assetcatalog; path = Assets.xcassets; sourceTree = "<group>"; };
		D315543B1D12720B00F1B810 /* Base */ = {isa = PBXFileReference; lastKnownFileType = file.storyboard; name = Base; path = Base.lproj/LaunchScreen.storyboard; sourceTree = "<group>"; };
		D315543D1D12720B00F1B810 /* Info.plist */ = {isa = PBXFileReference; lastKnownFileType = text.plist.xml; path = Info.plist; sourceTree = "<group>"; };
		D31554431D12733300F1B810 /* LaunchScreen.pch */ = {isa = PBXFileReference; fileEncoding = 4; lastKnownFileType = sourcecode.c.h; path = LaunchScreen.pch; sourceTree = "<group>"; };
		D31554631D128B9A00F1B810 /* FirstViewController.h */ = {isa = PBXFileReference; fileEncoding = 4; lastKnownFileType = sourcecode.c.h; path = FirstViewController.h; sourceTree = "<group>"; };
		D31554641D128B9A00F1B810 /* FirstViewController.m */ = {isa = PBXFileReference; fileEncoding = 4; lastKnownFileType = sourcecode.c.objc; path = FirstViewController.m; sourceTree = "<group>"; };
		D31554661D128BA800F1B810 /* SecondViewController.h */ = {isa = PBXFileReference; fileEncoding = 4; lastKnownFileType = sourcecode.c.h; path = SecondViewController.h; sourceTree = "<group>"; };
		D31554671D128BA800F1B810 /* SecondViewController.m */ = {isa = PBXFileReference; fileEncoding = 4; lastKnownFileType = sourcecode.c.objc; path = SecondViewController.m; sourceTree = "<group>"; };
		D31554691D128BB400F1B810 /* ThirdViewController.h */ = {isa = PBXFileReference; fileEncoding = 4; lastKnownFileType = sourcecode.c.h; path = ThirdViewController.h; sourceTree = "<group>"; };
		D315546A1D128BB400F1B810 /* ThirdViewController.m */ = {isa = PBXFileReference; fileEncoding = 4; lastKnownFileType = sourcecode.c.objc; path = ThirdViewController.m; sourceTree = "<group>"; };
		D31554701D1296B800F1B810 /* 1.jpg */ = {isa = PBXFileReference; lastKnownFileType = image.jpeg; path = 1.jpg; sourceTree = "<group>"; };
		D31554711D1296B800F1B810 /* 2.jpg */ = {isa = PBXFileReference; lastKnownFileType = image.jpeg; path = 2.jpg; sourceTree = "<group>"; };
		D31554721D1296B800F1B810 /* 3.jpg */ = {isa = PBXFileReference; lastKnownFileType = image.jpeg; path = 3.jpg; sourceTree = "<group>"; };
		D31554731D1296B800F1B810 /* 4.jpg */ = {isa = PBXFileReference; lastKnownFileType = image.jpeg; path = 4.jpg; sourceTree = "<group>"; };
		D31554741D1296B800F1B810 /* JumpView.h */ = {isa = PBXFileReference; fileEncoding = 4; lastKnownFileType = sourcecode.c.h; path = JumpView.h; sourceTree = "<group>"; };
		D31554751D1296B800F1B810 /* JumpView.m */ = {isa = PBXFileReference; fileEncoding = 4; lastKnownFileType = sourcecode.c.objc; path = JumpView.m; sourceTree = "<group>"; };
		D31554761D1296B800F1B810 /* LaunchManager.h */ = {isa = PBXFileReference; fileEncoding = 4; lastKnownFileType = sourcecode.c.h; path = LaunchManager.h; sourceTree = "<group>"; };
		D31554771D1296B800F1B810 /* LaunchManager.m */ = {isa = PBXFileReference; fileEncoding = 4; lastKnownFileType = sourcecode.c.objc; path = LaunchManager.m; sourceTree = "<group>"; };
		D31554781D1296B800F1B810 /* launchVideo.mp4 */ = {isa = PBXFileReference; lastKnownFileType = file; path = launchVideo.mp4; sourceTree = "<group>"; };
		D31554791D1296B800F1B810 /* LaunchView.h */ = {isa = PBXFileReference; fileEncoding = 4; lastKnownFileType = sourcecode.c.h; path = LaunchView.h; sourceTree = "<group>"; };
		D315547A1D1296B800F1B810 /* LaunchView.m */ = {isa = PBXFileReference; fileEncoding = 4; lastKnownFileType = sourcecode.c.objc; path = LaunchView.m; sourceTree = "<group>"; };
		D31554881D12970D00F1B810 /* BaseNavigationController.h */ = {isa = PBXFileReference; fileEncoding = 4; lastKnownFileType = sourcecode.c.h; path = BaseNavigationController.h; sourceTree = "<group>"; };
		D31554891D12970D00F1B810 /* BaseNavigationController.m */ = {isa = PBXFileReference; fileEncoding = 4; lastKnownFileType = sourcecode.c.objc; path = BaseNavigationController.m; sourceTree = "<group>"; };
		D315548A1D12970D00F1B810 /* BaseViewController.h */ = {isa = PBXFileReference; fileEncoding = 4; lastKnownFileType = sourcecode.c.h; path = BaseViewController.h; sourceTree = "<group>"; };
		D315548B1D12970D00F1B810 /* BaseViewController.m */ = {isa = PBXFileReference; fileEncoding = 4; lastKnownFileType = sourcecode.c.objc; path = BaseViewController.m; sourceTree = "<group>"; };
		D315548C1D12970D00F1B810 /* CLTabBarController.h */ = {isa = PBXFileReference; fileEncoding = 4; lastKnownFileType = sourcecode.c.h; path = CLTabBarController.h; sourceTree = "<group>"; };
		D315548D1D12970D00F1B810 /* CLTabBarController.m */ = {isa = PBXFileReference; fileEncoding = 4; lastKnownFileType = sourcecode.c.objc; path = CLTabBarController.m; sourceTree = "<group>"; };
		D31554921D129B7E00F1B810 /* NSString+IsNo.h */ = {isa = PBXFileReference; fileEncoding = 4; lastKnownFileType = sourcecode.c.h; path = "NSString+IsNo.h"; sourceTree = "<group>"; };
		D31554931D129B7E00F1B810 /* NSString+IsNo.m */ = {isa = PBXFileReference; fileEncoding = 4; lastKnownFileType = sourcecode.c.objc; path = "NSString+IsNo.m"; sourceTree = "<group>"; };
/* End PBXFileReference section */

/* Begin PBXFrameworksBuildPhase section */
		D31554231D12720B00F1B810 /* Frameworks */ = {
			isa = PBXFrameworksBuildPhase;
			buildActionMask = 2147483647;
			files = (
				E88B734B9486AD88E6854FEB /* libPods.a in Frameworks */,
			);
			runOnlyForDeploymentPostprocessing = 0;
		};
/* End PBXFrameworksBuildPhase section */

/* Begin PBXGroup section */
		CEDCC613681ADABC281721D4 /* Frameworks */ = {
			isa = PBXGroup;
			children = (
				D25DE1CB06D0BA0B51248462 /* libPods.a */,
			);
			name = Frameworks;
			sourceTree = "<group>";
		};
		D117B3D9C0E0494E0B8B137D /* Pods */ = {
			isa = PBXGroup;
			children = (
				6165EB2AFBADC59605BCAF54 /* Pods.debug.xcconfig */,
				7E83B9E8EA05E884658BBAAF /* Pods.release.xcconfig */,
			);
			name = Pods;
			sourceTree = "<group>";
		};
		D315541D1D12720B00F1B810 = {
			isa = PBXGroup;
			children = (
				D31554281D12720B00F1B810 /* LaunchScreen */,
				D31554271D12720B00F1B810 /* Products */,
				D117B3D9C0E0494E0B8B137D /* Pods */,
				CEDCC613681ADABC281721D4 /* Frameworks */,
			);
			sourceTree = "<group>";
		};
		D31554271D12720B00F1B810 /* Products */ = {
			isa = PBXGroup;
			children = (
				D31554261D12720B00F1B810 /* LaunchScreen.app */,
			);
			name = Products;
			sourceTree = "<group>";
		};
		D31554281D12720B00F1B810 /* LaunchScreen */ = {
			isa = PBXGroup;
			children = (
				D315546F1D1296B800F1B810 /* Launch（启动页） */,
				D31554431D12733300F1B810 /* LaunchScreen.pch */,
				D315542C1D12720B00F1B810 /* AppDelegate.h */,
				D315542D1D12720B00F1B810 /* AppDelegate.m */,
				D31554871D12970D00F1B810 /* TabBar&Base */,
				D31554631D128B9A00F1B810 /* FirstViewController.h */,
				D31554641D128B9A00F1B810 /* FirstViewController.m */,
				D31554661D128BA800F1B810 /* SecondViewController.h */,
				D31554671D128BA800F1B810 /* SecondViewController.m */,
				D31554691D128BB400F1B810 /* ThirdViewController.h */,
				D315546A1D128BB400F1B810 /* ThirdViewController.m */,
				D315542F1D12720B00F1B810 /* ViewController.h */,
				D31554301D12720B00F1B810 /* ViewController.m */,
				D31554321D12720B00F1B810 /* Main.storyboard */,
				D31554381D12720B00F1B810 /* Assets.xcassets */,
				D315543A1D12720B00F1B810 /* LaunchScreen.storyboard */,
				D315543D1D12720B00F1B810 /* Info.plist */,
				D31554351D12720B00F1B810 /* LaunchScreen.xcdatamodeld */,
				D31554291D12720B00F1B810 /* Supporting Files */,
			);
			path = LaunchScreen;
			sourceTree = "<group>";
		};
		D31554291D12720B00F1B810 /* Supporting Files */ = {
			isa = PBXGroup;
			children = (
				D315542A1D12720B00F1B810 /* main.m */,
			);
			name = "Supporting Files";
			sourceTree = "<group>";
		};
		D315546F1D1296B800F1B810 /* Launch（启动页） */ = {
			isa = PBXGroup;
			children = (
				D31554911D129B7E00F1B810 /* Tools */,
				D31554761D1296B800F1B810 /* LaunchManager.h */,
				D31554771D1296B800F1B810 /* LaunchManager.m */,
				D31554791D1296B800F1B810 /* LaunchView.h */,
				D315547A1D1296B800F1B810 /* LaunchView.m */,
				D31554741D1296B800F1B810 /* JumpView.h */,
				D31554751D1296B800F1B810 /* JumpView.m */,
				D31554701D1296B800F1B810 /* 1.jpg */,
				D31554711D1296B800F1B810 /* 2.jpg */,
				D31554721D1296B800F1B810 /* 3.jpg */,
				D31554731D1296B800F1B810 /* 4.jpg */,
				D31554781D1296B800F1B810 /* launchVideo.mp4 */,
			);
			path = "Launch（启动页）";
			sourceTree = "<group>";
		};
		D31554871D12970D00F1B810 /* TabBar&Base */ = {
			isa = PBXGroup;
			children = (
				D315548C1D12970D00F1B810 /* CLTabBarController.h */,
				D315548D1D12970D00F1B810 /* CLTabBarController.m */,
				D31554881D12970D00F1B810 /* BaseNavigationController.h */,
				D31554891D12970D00F1B810 /* BaseNavigationController.m */,
				D315548A1D12970D00F1B810 /* BaseViewController.h */,
				D315548B1D12970D00F1B810 /* BaseViewController.m */,
			);
			path = "TabBar&Base";
			sourceTree = "<group>";
		};
		D31554911D129B7E00F1B810 /* Tools */ = {
			isa = PBXGroup;
			children = (
				D31554921D129B7E00F1B810 /* NSString+IsNo.h */,
				D31554931D129B7E00F1B810 /* NSString+IsNo.m */,
			);
			path = Tools;
			sourceTree = "<group>";
		};
/* End PBXGroup section */

/* Begin PBXNativeTarget section */
		D31554251D12720B00F1B810 /* LaunchScreen */ = {
			isa = PBXNativeTarget;
			buildConfigurationList = D31554401D12720B00F1B810 /* Build configuration list for PBXNativeTarget "LaunchScreen" */;
			buildPhases = (
				F359ED1F58AEB06203B6EB3D /* Check Pods Manifest.lock */,
				D31554221D12720B00F1B810 /* Sources */,
				D31554231D12720B00F1B810 /* Frameworks */,
				D31554241D12720B00F1B810 /* Resources */,
				2E135BAE40B783A1C1847BBB /* Embed Pods Frameworks */,
				59ECF0AC0B6A6032A044DCC2 /* Copy Pods Resources */,
			);
			buildRules = (
			);
			dependencies = (
			);
			name = LaunchScreen;
			productName = LaunchScreen;
			productReference = D31554261D12720B00F1B810 /* LaunchScreen.app */;
			productType = "com.apple.product-type.application";
		};
/* End PBXNativeTarget section */

/* Begin PBXProject section */
		D315541E1D12720B00F1B810 /* Project object */ = {
			isa = PBXProject;
			attributes = {
				LastUpgradeCheck = 0720;
				ORGANIZATIONNAME = ClaudeLi;
				TargetAttributes = {
					D31554251D12720B00F1B810 = {
						CreatedOnToolsVersion = 7.2.1;
						DevelopmentTeam = H6FCNRM4Z4;
					};
				};
			};
			buildConfigurationList = D31554211D12720B00F1B810 /* Build configuration list for PBXProject "LaunchScreen" */;
			compatibilityVersion = "Xcode 3.2";
			developmentRegion = English;
			hasScannedForEncodings = 0;
			knownRegions = (
				en,
				Base,
			);
			mainGroup = D315541D1D12720B00F1B810;
			productRefGroup = D31554271D12720B00F1B810 /* Products */;
			projectDirPath = "";
			projectRoot = "";
			targets = (
				D31554251D12720B00F1B810 /* LaunchScreen */,
			);
		};
/* End PBXProject section */

/* Begin PBXResourcesBuildPhase section */
		D31554241D12720B00F1B810 /* Resources */ = {
			isa = PBXResourcesBuildPhase;
			buildActionMask = 2147483647;
			files = (
				D31554811D1296B800F1B810 /* launchVideo.mp4 in Resources */,
				D315543C1D12720B00F1B810 /* LaunchScreen.storyboard in Resources */,
				D315547E1D1296B800F1B810 /* 4.jpg in Resources */,
				D315547B1D1296B800F1B810 /* 1.jpg in Resources */,
				D315547C1D1296B800F1B810 /* 2.jpg in Resources */,
				D315547D1D1296B800F1B810 /* 3.jpg in Resources */,
				D31554391D12720B00F1B810 /* Assets.xcassets in Resources */,
				D31554341D12720B00F1B810 /* Main.storyboard in Resources */,
			);
			runOnlyForDeploymentPostprocessing = 0;
		};
/* End PBXResourcesBuildPhase section */

/* Begin PBXShellScriptBuildPhase section */
		2E135BAE40B783A1C1847BBB /* Embed Pods Frameworks */ = {
			isa = PBXShellScriptBuildPhase;
			buildActionMask = 2147483647;
			files = (
			);
			inputPaths = (
			);
			name = "Embed Pods Frameworks";
			outputPaths = (
			);
			runOnlyForDeploymentPostprocessing = 0;
			shellPath = /bin/sh;
			shellScript = "\"${SRCROOT}/Pods/Target Support Files/Pods/Pods-frameworks.sh\"\n";
			showEnvVarsInLog = 0;
		};
		59ECF0AC0B6A6032A044DCC2 /* Copy Pods Resources */ = {
			isa = PBXShellScriptBuildPhase;
			buildActionMask = 2147483647;
			files = (
			);
			inputPaths = (
			);
			name = "Copy Pods Resources";
			outputPaths = (
			);
			runOnlyForDeploymentPostprocessing = 0;
			shellPath = /bin/sh;
			shellScript = "\"${SRCROOT}/Pods/Target Support Files/Pods/Pods-resources.sh\"\n";
			showEnvVarsInLog = 0;
		};
		F359ED1F58AEB06203B6EB3D /* Check Pods Manifest.lock */ = {
			isa = PBXShellScriptBuildPhase;
			buildActionMask = 2147483647;
			files = (
			);
			inputPaths = (
			);
			name = "Check Pods Manifest.lock";
			outputPaths = (
			);
			runOnlyForDeploymentPostprocessing = 0;
			shellPath = /bin/sh;
			shellScript = "diff \"${PODS_ROOT}/../Podfile.lock\" \"${PODS_ROOT}/Manifest.lock\" > /dev/null\nif [[ $? != 0 ]] ; then\n    cat << EOM\nerror: The sandbox is not in sync with the Podfile.lock. Run 'pod install' or update your CocoaPods installation.\nEOM\n    exit 1\nfi\n";
			showEnvVarsInLog = 0;
		};
/* End PBXShellScriptBuildPhase section */

/* Begin PBXSourcesBuildPhase section */
		D31554221D12720B00F1B810 /* Sources */ = {
			isa = PBXSourcesBuildPhase;
			buildActionMask = 2147483647;
			files = (
				D31554681D128BA800F1B810 /* SecondViewController.m in Sources */,
				D31554821D1296B800F1B810 /* LaunchView.m in Sources */,
				D31554901D12970D00F1B810 /* CLTabBarController.m in Sources */,
				D315548E1D12970D00F1B810 /* BaseNavigationController.m in Sources */,
				D31554371D12720B00F1B810 /* LaunchScreen.xcdatamodeld in Sources */,
				D31554311D12720B00F1B810 /* ViewController.m in Sources */,
				D315548F1D12970D00F1B810 /* BaseViewController.m in Sources */,
				D315546B1D128BB400F1B810 /* ThirdViewController.m in Sources */,
				D31554651D128B9A00F1B810 /* FirstViewController.m in Sources */,
				D315547F1D1296B800F1B810 /* JumpView.m in Sources */,
				D31554801D1296B800F1B810 /* LaunchManager.m in Sources */,
				D315542E1D12720B00F1B810 /* AppDelegate.m in Sources */,
				D31554941D129B7E00F1B810 /* NSString+IsNo.m in Sources */,
				D315542B1D12720B00F1B810 /* main.m in Sources */,
			);
			runOnlyForDeploymentPostprocessing = 0;
		};
/* End PBXSourcesBuildPhase section */

/* Begin PBXVariantGroup section */
		D31554321D12720B00F1B810 /* Main.storyboard */ = {
			isa = PBXVariantGroup;
			children = (
				D31554331D12720B00F1B810 /* Base */,
			);
			name = Main.storyboard;
			sourceTree = "<group>";
		};
		D315543A1D12720B00F1B810 /* LaunchScreen.storyboard */ = {
			isa = PBXVariantGroup;
			children = (
				D315543B1D12720B00F1B810 /* Base */,
			);
			name = LaunchScreen.storyboard;
			sourceTree = "<group>";
		};
/* End PBXVariantGroup section */

/* Begin XCBuildConfiguration section */
		D315543E1D12720B00F1B810 /* Debug */ = {
			isa = XCBuildConfiguration;
			buildSettings = {
				ALWAYS_SEARCH_USER_PATHS = NO;
				CLANG_CXX_LANGUAGE_STANDARD = "gnu++0x";
				CLANG_CXX_LIBRARY = "libc++";
				CLANG_ENABLE_MODULES = YES;
				CLANG_ENABLE_OBJC_ARC = YES;
				CLANG_WARN_BOOL_CONVERSION = YES;
				CLANG_WARN_CONSTANT_CONVERSION = YES;
				CLANG_WARN_DIRECT_OBJC_ISA_USAGE = YES_ERROR;
				CLANG_WARN_EMPTY_BODY = YES;
				CLANG_WARN_ENUM_CONVERSION = YES;
				CLANG_WARN_INT_CONVERSION = YES;
				CLANG_WARN_OBJC_ROOT_CLASS = YES_ERROR;
				CLANG_WARN_UNREACHABLE_CODE = YES;
				CLANG_WARN__DUPLICATE_METHOD_MATCH = YES;
				"CODE_SIGN_IDENTITY[sdk=iphoneos*]" = "iPhone Developer";
				COPY_PHASE_STRIP = NO;
				DEBUG_INFORMATION_FORMAT = dwarf;
				ENABLE_STRICT_OBJC_MSGSEND = YES;
				ENABLE_TESTABILITY = YES;
				GCC_C_LANGUAGE_STANDARD = gnu99;
				GCC_DYNAMIC_NO_PIC = NO;
				GCC_NO_COMMON_BLOCKS = YES;
				GCC_OPTIMIZATION_LEVEL = 0;
				GCC_PREPROCESSOR_DEFINITIONS = (
					"DEBUG=1",
					"$(inherited)",
				);
				GCC_WARN_64_TO_32_BIT_CONVERSION = YES;
				GCC_WARN_ABOUT_RETURN_TYPE = YES_ERROR;
				GCC_WARN_UNDECLARED_SELECTOR = YES;
				GCC_WARN_UNINITIALIZED_AUTOS = YES_AGGRESSIVE;
				GCC_WARN_UNUSED_FUNCTION = YES;
				GCC_WARN_UNUSED_VARIABLE = YES;
				IPHONEOS_DEPLOYMENT_TARGET = 9.2;
				MTL_ENABLE_DEBUG_INFO = YES;
				ONLY_ACTIVE_ARCH = YES;
				SDKROOT = iphoneos;
			};
			name = Debug;
		};
		D315543F1D12720B00F1B810 /* Release */ = {
			isa = XCBuildConfiguration;
			buildSettings = {
				ALWAYS_SEARCH_USER_PATHS = NO;
				CLANG_CXX_LANGUAGE_STANDARD = "gnu++0x";
				CLANG_CXX_LIBRARY = "libc++";
				CLANG_ENABLE_MODULES = YES;
				CLANG_ENABLE_OBJC_ARC = YES;
				CLANG_WARN_BOOL_CONVERSION = YES;
				CLANG_WARN_CONSTANT_CONVERSION = YES;
				CLANG_WARN_DIRECT_OBJC_ISA_USAGE = YES_ERROR;
				CLANG_WARN_EMPTY_BODY = YES;
				CLANG_WARN_ENUM_CONVERSION = YES;
				CLANG_WARN_INT_CONVERSION = YES;
				CLANG_WARN_OBJC_ROOT_CLASS = YES_ERROR;
				CLANG_WARN_UNREACHABLE_CODE = YES;
				CLANG_WARN__DUPLICATE_METHOD_MATCH = YES;
				"CODE_SIGN_IDENTITY[sdk=iphoneos*]" = "iPhone Developer";
				COPY_PHASE_STRIP = NO;
				DEBUG_INFORMATION_FORMAT = "dwarf-with-dsym";
				ENABLE_NS_ASSERTIONS = NO;
				ENABLE_STRICT_OBJC_MSGSEND = YES;
				GCC_C_LANGUAGE_STANDARD = gnu99;
				GCC_NO_COMMON_BLOCKS = YES;
				GCC_WARN_64_TO_32_BIT_CONVERSION = YES;
				GCC_WARN_ABOUT_RETURN_TYPE = YES_ERROR;
				GCC_WARN_UNDECLARED_SELECTOR = YES;
				GCC_WARN_UNINITIALIZED_AUTOS = YES_AGGRESSIVE;
				GCC_WARN_UNUSED_FUNCTION = YES;
				GCC_WARN_UNUSED_VARIABLE = YES;
				IPHONEOS_DEPLOYMENT_TARGET = 9.2;
				MTL_ENABLE_DEBUG_INFO = NO;
				SDKROOT = iphoneos;
				VALIDATE_PRODUCT = YES;
			};
			name = Release;
		};
		D31554411D12720B00F1B810 /* Debug */ = {
			isa = XCBuildConfiguration;
			baseConfigurationReference = 6165EB2AFBADC59605BCAF54 /* Pods.debug.xcconfig */;
			buildSettings = {
				ASSETCATALOG_COMPILER_APPICON_NAME = AppIcon;
				CODE_SIGN_IDENTITY = "iPhone Developer";
				GCC_PREFIX_HEADER = "$(SRCROOT)/LaunchScreen/LaunchScreen.pch";
				INFOPLIST_FILE = LaunchScreen/Info.plist;
				IPHONEOS_DEPLOYMENT_TARGET = 7.0;
				LD_RUNPATH_SEARCH_PATHS = "$(inherited) @executable_path/Frameworks";
				PRODUCT_BUNDLE_IDENTIFIER = com.ClaudeLi.LaunchScreen;
				PRODUCT_NAME = "$(TARGET_NAME)";
			};
			name = Debug;
		};
		D31554421D12720B00F1B810 /* Release */ = {
			isa = XCBuildConfiguration;
			baseConfigurationReference = 7E83B9E8EA05E884658BBAAF /* Pods.release.xcconfig */;
			buildSettings = {
				ASSETCATALOG_COMPILER_APPICON_NAME = AppIcon;
				CODE_SIGN_IDENTITY = "iPhone Developer";
				GCC_PREFIX_HEADER = "$(SRCROOT)/LaunchScreen/LaunchScreen.pch";
				INFOPLIST_FILE = LaunchScreen/Info.plist;
				IPHONEOS_DEPLOYMENT_TARGET = 7.0;
				LD_RUNPATH_SEARCH_PATHS = "$(inherited) @executable_path/Frameworks";
				PRODUCT_BUNDLE_IDENTIFIER = com.ClaudeLi.LaunchScreen;
				PRODUCT_NAME = "$(TARGET_NAME)";
			};
			name = Release;
		};
/* End XCBuildConfiguration section */

/* Begin XCConfigurationList section */
		D31554211D12720B00F1B810 /* Build configuration list for PBXProject "LaunchScreen" */ = {
			isa = XCConfigurationList;
			buildConfigurations = (
				D315543E1D12720B00F1B810 /* Debug */,
				D315543F1D12720B00F1B810 /* Release */,
			);
			defaultConfigurationIsVisible = 0;
			defaultConfigurationName = Release;
		};
		D31554401D12720B00F1B810 /* Build configuration list for PBXNativeTarget "LaunchScreen" */ = {
			isa = XCConfigurationList;
			buildConfigurations = (
				D31554411D12720B00F1B810 /* Debug */,
				D31554421D12720B00F1B810 /* Release */,
			);
			defaultConfigurationIsVisible = 0;
			defaultConfigurationName = Release;
		};
/* End XCConfigurationList section */

/* Begin XCVersionGroup section */
		D31554351D12720B00F1B810 /* LaunchScreen.xcdatamodeld */ = {
			isa = XCVersionGroup;
			children = (
				D31554361D12720B00F1B810 /* LaunchScreen.xcdatamodel */,
			);
			currentVersion = D31554361D12720B00F1B810 /* LaunchScreen.xcdatamodel */;
			path = LaunchScreen.xcdatamodeld;
			sourceTree = "<group>";
			versionGroupType = wrapper.xcdatamodel;
		};
/* End XCVersionGroup section */
	};
	rootObject = D315541E1D12720B00F1B810 /* Project object */;
}
